// !$*UTF8*$!
{
	archiveVersion = 1;
	classes = {
	};
	objectVersion = 48;
	objects = {

/* Begin PBXBuildFile section */
		C745190C1F260DF90061E8D3 /* AppDelegate.swift in Sources */ = {isa = PBXBuildFile; fileRef = C745190B1F260DF90061E8D3 /* AppDelegate.swift */; };
		C745190E1F260DF90061E8D3 /* ViewController.swift in Sources */ = {isa = PBXBuildFile; fileRef = C745190D1F260DF90061E8D3 /* ViewController.swift */; };
		C74519111F260DF90061E8D3 /* Main.storyboard in Resources */ = {isa = PBXBuildFile; fileRef = C745190F1F260DF90061E8D3 /* Main.storyboard */; };
		C74519131F260DF90061E8D3 /* Assets.xcassets in Resources */ = {isa = PBXBuildFile; fileRef = C74519121F260DF90061E8D3 /* Assets.xcassets */; };
		C74519161F260DF90061E8D3 /* LaunchScreen.storyboard in Resources */ = {isa = PBXBuildFile; fileRef = C74519141F260DF90061E8D3 /* LaunchScreen.storyboard */; };
		C745191E1F260E140061E8D3 /* Resnet50.mlmodel in Sources */ = {isa = PBXBuildFile; fileRef = C745191D1F260E140061E8D3 /* Resnet50.mlmodel */; };
/* End PBXBuildFile section */

/* Begin PBXFileReference section */
		C74519081F260DF90061E8D3 /* ImageDefineML.app */ = {isa = PBXFileReference; explicitFileType = wrapper.application; includeInIndex = 0; path = ImageDefineML.app; sourceTree = BUILT_PRODUCTS_DIR; };
		C745190B1F260DF90061E8D3 /* AppDelegate.swift */ = {isa = PBXFileReference; lastKnownFileType = sourcecode.swift; path = AppDelegate.swift; sourceTree = "<group>"; };
		C745190D1F260DF90061E8D3 /* ViewController.swift */ = {isa = PBXFileReference; lastKnownFileType = sourcecode.swift; path = ViewController.swift; sourceTree = "<group>"; };
		C74519101F260DF90061E8D3 /* Base */ = {isa = PBXFileReference; lastKnownFileType = file.storyboard; name = Base; path = Base.lproj/Main.storyboard; sourceTree = "<group>"; };
		C74519121F260DF90061E8D3 /* Assets.xcassets */ = {isa = PBXFileReference; lastKnownFileType = folder.assetcatalog; path = Assets.xcassets; sourceTree = "<group>"; };
		C74519151F260DF90061E8D3 /* Base */ = {isa = PBXFileReference; lastKnownFileType = file.storyboard; name = Base; path = Base.lproj/LaunchScreen.storyboard; sourceTree = "<group>"; };
		C74519171F260DF90061E8D3 /* Info.plist */ = {isa = PBXFileReference; lastKnownFileType = text.plist.xml; path = Info.plist; sourceTree = "<group>"; };
		C745191D1F260E140061E8D3 /* Resnet50.mlmodel */ = {isa = PBXFileReference; lastKnownFileType = file.mlmodel; name = Resnet50.mlmodel; path = ../../../../../Downloads/Resnet50.mlmodel; sourceTree = "<group>"; };
/* End PBXFileReference section */

/* Begin PBXFrameworksBuildPhase section */
		C74519051F260DF90061E8D3 /* Frameworks */ = {
			isa = PBXFrameworksBuildPhase;
			buildActionMask = 2147483647;
			files = (
			);
			runOnlyForDeploymentPostprocessing = 0;
		};
/* End PBXFrameworksBuildPhase section */

/* Begin PBXGroup section */
		C74518FF1F260DF90061E8D3 = {
			isa = PBXGroup;
			children = (
				C745190A1F260DF90061E8D3 /* ImageDefineML */,
				C74519091F260DF90061E8D3 /* Products */,
			);
			sourceTree = "<group>";
		};
		C74519091F260DF90061E8D3 /* Products */ = {
			isa = PBXGroup;
			children = (
				C74519081F260DF90061E8D3 /* ImageDefineML.app */,
			);
			name = Products;
			sourceTree = "<group>";
		};
		C745190A1F260DF90061E8D3 /* ImageDefineML */ = {
			isa = PBXGroup;
			children = (
				C745191D1F260E140061E8D3 /* Resnet50.mlmodel */,
				C745190B1F260DF90061E8D3 /* AppDelegate.swift */,
				C745190D1F260DF90061E8D3 /* ViewController.swift */,
				C745190F1F260DF90061E8D3 /* Main.storyboard */,
				C74519121F260DF90061E8D3 /* Assets.xcassets */,
				C74519141F260DF90061E8D3 /* LaunchScreen.storyboard */,
				C74519171F260DF90061E8D3 /* Info.plist */,
			);
			path = ImageDefineML;
			sourceTree = "<group>";
		};
/* End PBXGroup section */

/* Begin PBXNativeTarget section */
		C74519071F260DF90061E8D3 /* ImageDefineML */ = {
			isa = PBXNativeTarget;
			buildConfigurationList = C745191A1F260DF90061E8D3 /* Build configuration list for PBXNativeTarget "ImageDefineML" */;
			buildPhases = (
				C74519041F260DF90061E8D3 /* Sources */,
				C74519051F260DF90061E8D3 /* Frameworks */,
				C74519061F260DF90061E8D3 /* Resources */,
			);
			buildRules = (
			);
			dependencies = (
			);
			name = ImageDefineML;
			productName = ImageDefineML;
			productReference = C74519081F260DF90061E8D3 /* ImageDefineML.app */;
			productType = "com.apple.product-type.application";
		};
/* End PBXNativeTarget section */

/* Begin PBXProject section */
		C74519001F260DF90061E8D3 /* Project object */ = {
			isa = PBXProject;
			attributes = {
				LastSwiftUpdateCheck = 0900;
				LastUpgradeCheck = 0900;
				ORGANIZATIONNAME = "hussien alrubaye";
				TargetAttributes = {
					C74519071F260DF90061E8D3 = {
						CreatedOnToolsVersion = 9.0;
					};
				};
			};
			buildConfigurationList = C74519031F260DF90061E8D3 /* Build configuration list for PBXProject "ImageDefineML" */;
			compatibilityVersion = "Xcode 8.0";
			developmentRegion = en;
			hasScannedForEncodings = 0;
			knownRegions = (
				en,
				Base,
			);
			mainGroup = C74518FF1F260DF90061E8D3;
			productRefGroup = C74519091F260DF90061E8D3 /* Products */;
			projectDirPath = "";
			projectRoot = "";
			targets = (
				C74519071F260DF90061E8D3 /* ImageDefineML */,
			);
		};
/* End PBXProject section */

/* Begin PBXResourcesBuildPhase section */
		C74519061F260DF90061E8D3 /* Resources */ = {
			isa = PBXResourcesBuildPhase;
			buildActionMask = 2147483647;
			files = (
				C74519161F260DF90061E8D3 /* LaunchScreen.storyboard in Resources */,
				C74519131F260DF90061E8D3 /* Assets.xcassets in Resources */,
				C74519111F260DF90061E8D3 /* Main.storyboard in Resources */,
			);
			runOnlyForDeploymentPostprocessing = 0;
		};
/* End PBXResourcesBuildPhase section */

/* Begin PBXSourcesBuildPhase section */
		C74519041F260DF90061E8D3 /* Sources */ = {
			isa = PBXSourcesBuildPhase;
			buildActionMask = 2147483647;
			files = (
				C745190E1F260DF90061E8D3 /* ViewController.swift in Sources */,
				C745191E1F260E140061E8D3 /* Resnet50.mlmodel in Sources */,
				C745190C1F260DF90061E8D3 /* AppDelegate.swift in Sources */,
			);
			runOnlyForDeploymentPostprocessing = 0;
		};
/* End PBXSourcesBuildPhase section */

/* Begin PBXVariantGroup section */
		C745190F1F260DF90061E8D3 /* Main.storyboard */ = {
			isa = PBXVariantGroup;
			children = (
				C74519101F260DF90061E8D3 /* Base */,
			);
			name = Main.storyboard;
			sourceTree = "<group>";
		};
		C74519141F260DF90061E8D3 /* LaunchScreen.storyboard */ = {
			isa = PBXVariantGroup;
			children = (
				C74519151F260DF90061E8D3 /* Base */,
			);
			name = LaunchScreen.storyboard;
			sourceTree = "<group>";
		};
/* End PBXVariantGroup section */

/* Begin XCBuildConfiguration section */
		C74519181F260DF90061E8D3 /* Debug */ = {
			isa = XCBuildConfiguration;
			buildSettings = {
				ALWAYS_SEARCH_USER_PATHS = NO;
				CLANG_ANALYZER_NONNULL = YES;
				CLANG_ANALYZER_NUMBER_OBJECT_CONVERSION = YES_AGGRESSIVE;
				CLANG_CXX_LANGUAGE_STANDARD = "gnu++14";
				CLANG_CXX_LIBRARY = "libc++";
				CLANG_ENABLE_MODULES = YES;
				CLANG_ENABLE_OBJC_ARC = YES;
				CLANG_WARN_BLOCK_CAPTURE_AUTORELEASING = YES;
				CLANG_WARN_BOOL_CONVERSION = YES;
				CLANG_WARN_COMMA = YES;
				CLANG_WARN_CONSTANT_CONVERSION = YES;
				CLANG_WARN_DIRECT_OBJC_ISA_USAGE = YES_ERROR;
				CLANG_WARN_DOCUMENTATION_COMMENTS = YES;
				CLANG_WARN_EMPTY_BODY = YES;
				CLANG_WARN_ENUM_CONVERSION = YES;
				CLANG_WARN_INFINITE_RECURSION = YES;
				CLANG_WARN_INT_CONVERSION = YES;
				CLANG_WARN_NON_LITERAL_NULL_CONVERSION = YES;
				CLANG_WARN_OBJC_LITERAL_CONVERSION = YES;
				CLANG_WARN_OBJC_ROOT_CLASS = YES_ERROR;
				CLANG_WARN_RANGE_LOOP_ANALYSIS = YES;
				CLANG_WARN_STRICT_PROTOTYPES = YES;
				CLANG_WARN_SUSPICIOUS_MOVE = YES;
				CLANG_WARN_UNGUARDED_AVAILABILITY = YES_AGGRESSIVE;
				CLANG_WARN_UNREACHABLE_CODE = YES;
				CLANG_WARN__DUPLICATE_METHOD_MATCH = YES;
				CODE_SIGN_IDENTITY = "iPhone Developer";
				COPY_PHASE_STRIP = NO;
				DEBUG_INFORMATION_FORMAT = dwarf;
				ENABLE_STRICT_OBJC_MSGSEND = YES;
				ENABLE_TESTABILITY = YES;
				GCC_C_LANGUAGE_STANDARD = gnu11;
				GCC_DYNAMIC_NO_PIC = NO;
				GCC_NO_COMMON_BLOCKS = YES;
				GCC_OPTIMIZATION_LEVEL = 0;
				GCC_PREPROCESSOR_DEFINITIONS = (
					"DEBUG=1",
					"$(inherited)",
				);
				GCC_WARN_64_TO_32_BIT_CONVERSION = YES;
				GCC_WARN_ABOUT_RETURN_TYPE = YES_ERROR;
				GCC_WARN_UNDECLARED_SELECTOR = YES;
				GCC_WARN_UNINITIALIZED_AUTOS = YES_AGGRESSIVE;
				GCC_WARN_UNUSED_FUNCTION = YES;
				GCC_WARN_UNUSED_VARIABLE = YES;
				IPHONEOS_DEPLOYMENT_TARGET = 11.0;
				MTL_ENABLE_DEBUG_INFO = YES;
				ONLY_ACTIVE_ARCH = YES;
				SDKROOT = iphoneos;
				SWIFT_ACTIVE_COMPILATION_CONDITIONS = DEBUG;
				SWIFT_OPTIMIZATION_LEVEL = "-Onone";
			};
			name = Debug;
		};
		C74519191F260DF90061E8D3 /* Release */ = {
			isa = XCBuildConfiguration;
			buildSettings = {
				ALWAYS_SEARCH_USER_PATHS = NO;
				CLANG_ANALYZER_NONNULL = YES;
				CLANG_ANALYZER_NUMBER_OBJECT_CONVERSION = YES_AGGRESSIVE;
				CLANG_CXX_LANGUAGE_STANDARD = "gnu++14";
				CLANG_CXX_LIBRARY = "libc++";
				CLANG_ENABLE_MODULES = YES;
				CLANG_ENABLE_OBJC_ARC = YES;
				CLANG_WARN_BLOCK_CAPTURE_AUTORELEASING = YES;
				CLANG_WARN_BOOL_CONVERSION = YES;
				CLANG_WARN_COMMA = YES;
				CLANG_WARN_CONSTANT_CONVERSION = YES;
				CLANG_WARN_DIRECT_OBJC_ISA_USAGE = YES_ERROR;
				CLANG_WARN_DOCUMENTATION_COMMENTS = YES;
				CLANG_WARN_EMPTY_BODY = YES;
				CLANG_WARN_ENUM_CONVERSION = YES;
				CLANG_WARN_INFINITE_RECURSION = YES;
				CLANG_WARN_INT_CONVERSION = YES;
				CLANG_WARN_NON_LITERAL_NULL_CONVERSION = YES;
				CLANG_WARN_OBJC_LITERAL_CONVERSION = YES;
				CLANG_WARN_OBJC_ROOT_CLASS = YES_ERROR;
				CLANG_WARN_RANGE_LOOP_ANALYSIS = YES;
				CLANG_WARN_STRICT_PROTOTYPES = YES;
				CLANG_WARN_SUSPICIOUS_MOVE = YES;
				CLANG_WARN_UNGUARDED_AVAILABILITY = YES_AGGRESSIVE;
				CLANG_WARN_UNREACHABLE_CODE = YES;
				CLANG_WARN__DUPLICATE_METHOD_MATCH = YES;
				CODE_SIGN_IDENTITY = "iPhone Developer";
				COPY_PHASE_STRIP = NO;
				DEBUG_INFORMATION_FORMAT = "dwarf-with-dsym";
				ENABLE_NS_ASSERTIONS = NO;
				ENABLE_STRICT_OBJC_MSGSEND = YES;
				GCC_C_LANGUAGE_STANDARD = gnu11;
				GCC_NO_COMMON_BLOCKS = YES;
				GCC_WARN_64_TO_32_BIT_CONVERSION = YES;
				GCC_WARN_ABOUT_RETURN_TYPE = YES_ERROR;
				GCC_WARN_UNDECLARED_SELECTOR = YES;
				GCC_WARN_UNINITIALIZED_AUTOS = YES_AGGRESSIVE;
				GCC_WARN_UNUSED_FUNCTION = YES;
				GCC_WARN_UNUSED_VARIABLE = YES;
				IPHONEOS_DEPLOYMENT_TARGET = 11.0;
				MTL_ENABLE_DEBUG_INFO = NO;
				SDKROOT = iphoneos;
				SWIFT_OPTIMIZATION_LEVEL = "-Owholemodule";
				VALIDATE_PRODUCT = YES;
			};
			name = Release;
		};
		C745191B1F260DF90061E8D3 /* Debug */ = {
			isa = XCBuildConfiguration;
			buildSettings = {
				ASSETCATALOG_COMPILER_APPICON_NAME = AppIcon;
				DEVELOPMENT_TEAM = G8V2K73GKS;
				INFOPLIST_FILE = ImageDefineML/Info.plist;
				LD_RUNPATH_SEARCH_PATHS = "$(inherited) @executable_path/Frameworks";
				PRODUCT_BUNDLE_IDENTIFIER = com.hussein.ImageDefineML;
				PRODUCT_NAME = "$(TARGET_NAME)";
				SWIFT_VERSION = 4.0;
				TARGETED_DEVICE_FAMILY = "1,2";
			};
			name = Debug;
		};
		C745191C1F260DF90061E8D3 /* Release */ = {
			isa = XCBuildConfiguration;
			buildSettings = {
				ASSETCATALOG_COMPILER_APPICON_NAME = AppIcon;
				DEVELOPMENT_TEAM = G8V2K73GKS;
				INFOPLIST_FILE = ImageDefineML/Info.plist;
				LD_RUNPATH_SEARCH_PATHS = "$(inherited) @executable_path/Frameworks";
				PRODUCT_BUNDLE_IDENTIFIER = com.hussein.ImageDefineML;
				PRODUCT_NAME = "$(TARGET_NAME)";
				SWIFT_VERSION = 4.0;
				TARGETED_DEVICE_FAMILY = "1,2";
			};
			name = Release;
		};
/* End XCBuildConfiguration section */

/* Begin XCConfigurationList section */
		C74519031F260DF90061E8D3 /* Build configuration list for PBXProject "ImageDefineML" */ = {
			isa = XCConfigurationList;
			buildConfigurations = (
				C74519181F260DF90061E8D3 /* Debug */,
				C74519191F260DF90061E8D3 /* Release */,
			);
			defaultConfigurationIsVisible = 0;
			defaultConfigurationName = Release;
		};
		C745191A1F260DF90061E8D3 /* Build configuration list for PBXNativeTarget "ImageDefineML" */ = {
			isa = XCConfigurationList;
			buildConfigurations = (
				C745191B1F260DF90061E8D3 /* Debug */,
				C745191C1F260DF90061E8D3 /* Release */,
			);
			defaultConfigurationIsVisible = 0;
		};
/* End XCConfigurationList section */
	};
	rootObject = C74519001F260DF90061E8D3 /* Project object */;
}
